
Microsoft Visual Studio Solution File, Format Version 12.00
# Visual Studio Version 17
VisualStudioVersion = 17.4.33213.308
MinimumVisualStudioVersion = 10.0.40219.1
Project("{FAE04EC0-301F-11D3-BF4B-00C04F79EFBC}") = "BankSimulation", "BankSimulation\BankSimulation.csproj", "{938FCFEF-E13C-4162-AF45-CEC2450E7B50}"
EndProject
Global
	GlobalSection(SolutionConfigurationPlatforms) = preSolution
		Debug|Any CPU = Debug|Any CPU
		Release|Any CPU = Release|Any CPU
	EndGlobalSection
	GlobalSection(ProjectConfigurationPlatforms) = postSolution
		{938FCFEF-E13C-4162-AF45-CEC2450E7B50}.Debug|Any CPU.ActiveCfg = Debug|Any CPU
		{938FCFEF-E13C-4162-AF45-CEC2450E7B50}.Debug|Any CPU.Build.0 = Debug|Any CPU
		{938FCFEF-E13C-4162-AF45-CEC2450E7B50}.Release|Any CPU.ActiveCfg = Release|Any CPU
		{938FCFEF-E13C-4162-AF45-CEC2450E7B50}.Release|Any CPU.Build.0 = Release|Any CPU
	EndGlobalSection
	GlobalSection(SolutionProperties) = preSolution
		HideSolutionNode = FALSE
	EndGlobalSection
	GlobalSection(ExtensibilityGlobals) = postSolution
		SolutionGuid = {14A7C198-CA0A-4076-BADC-9ADBC3D65DC5}
	EndGlobalSection
EndGlobal
